
Microsoft Visual Studio Solution File, Format Version 12.00
# Visual Studio Version 17
VisualStudioVersion = 17.0.31912.275
MinimumVisualStudioVersion = 10.0.40219.1
Project("{FAE04EC0-301F-11D3-BF4B-00C04F79EFBC}") = "Machi Koro", "Machi Koro.csproj", "{380F58D8-EB44-4B2E-ACE5-9F6CA2E2D4A2}"
EndProject
Global
	GlobalSection(SolutionConfigurationPlatforms) = preSolution
		Debug|Any CPU = Debug|Any CPU
		Release|Any CPU = Release|Any CPU
	EndGlobalSection
	GlobalSection(ProjectConfigurationPlatforms) = postSolution
		{380F58D8-EB44-4B2E-ACE5-9F6CA2E2D4A2}.Debug|Any CPU.ActiveCfg = Debug|Any CPU
		{380F58D8-EB44-4B2E-ACE5-9F6CA2E2D4A2}.Debug|Any CPU.Build.0 = Debug|Any CPU
		{380F58D8-EB44-4B2E-ACE5-9F6CA2E2D4A2}.Release|Any CPU.ActiveCfg = Release|Any CPU
		{380F58D8-EB44-4B2E-ACE5-9F6CA2E2D4A2}.Release|Any CPU.Build.0 = Release|Any CPU
	EndGlobalSection
	GlobalSection(SolutionProperties) = preSolution
		HideSolutionNode = FALSE
	EndGlobalSection
	GlobalSection(ExtensibilityGlobals) = postSolution
		SolutionGuid = {CC0010E6-5769-416E-8FF2-070E98088CAE}
	EndGlobalSection
EndGlobal
